// !$*UTF8*$!
{
	archiveVersion = 1;
	classes = {
	};
	objectVersion = 46;
	objects = {

/* Begin PBXBuildFile section */
		6AA47F131D35FD3100C5D61F /* AppDelegate.swift in Sources */ = {isa = PBXBuildFile; fileRef = 6AA47F121D35FD3100C5D61F /* AppDelegate.swift */; };
		6AA47F151D35FD3100C5D61F /* ViewController.swift in Sources */ = {isa = PBXBuildFile; fileRef = 6AA47F141D35FD3100C5D61F /* ViewController.swift */; };
		6AA47F181D35FD3100C5D61F /* Main.storyboard in Resources */ = {isa = PBXBuildFile; fileRef = 6AA47F161D35FD3100C5D61F /* Main.storyboard */; };
		6AA47F1A1D35FD3100C5D61F /* Assets.xcassets in Resources */ = {isa = PBXBuildFile; fileRef = 6AA47F191D35FD3100C5D61F /* Assets.xcassets */; };
		6AA47F1D1D35FD3100C5D61F /* LaunchScreen.storyboard in Resources */ = {isa = PBXBuildFile; fileRef = 6AA47F1B1D35FD3100C5D61F /* LaunchScreen.storyboard */; };
		6AA47F251D35FD4000C5D61F /* TKRadarChart.swift in Sources */ = {isa = PBXBuildFile; fileRef = 6AA47F241D35FD4000C5D61F /* TKRadarChart.swift */; };
/* End PBXBuildFile section */

/* Begin PBXFileReference section */
		6AA47F0F1D35FD3100C5D61F /* TKRadarChart.app */ = {isa = PBXFileReference; explicitFileType = wrapper.application; includeInIndex = 0; path = TKRadarChart.app; sourceTree = BUILT_PRODUCTS_DIR; };
		6AA47F121D35FD3100C5D61F /* AppDelegate.swift */ = {isa = PBXFileReference; lastKnownFileType = sourcecode.swift; path = AppDelegate.swift; sourceTree = "<group>"; };
		6AA47F141D35FD3100C5D61F /* ViewController.swift */ = {isa = PBXFileReference; lastKnownFileType = sourcecode.swift; path = ViewController.swift; sourceTree = "<group>"; };
		6AA47F171D35FD3100C5D61F /* Base */ = {isa = PBXFileReference; lastKnownFileType = file.storyboard; name = Base; path = Base.lproj/Main.storyboard; sourceTree = "<group>"; };
		6AA47F191D35FD3100C5D61F /* Assets.xcassets */ = {isa = PBXFileReference; lastKnownFileType = folder.assetcatalog; path = Assets.xcassets; sourceTree = "<group>"; };
		6AA47F1C1D35FD3100C5D61F /* Base */ = {isa = PBXFileReference; lastKnownFileType = file.storyboard; name = Base; path = Base.lproj/LaunchScreen.storyboard; sourceTree = "<group>"; };
		6AA47F1E1D35FD3100C5D61F /* Info.plist */ = {isa = PBXFileReference; lastKnownFileType = text.plist.xml; path = Info.plist; sourceTree = "<group>"; };
		6AA47F241D35FD4000C5D61F /* TKRadarChart.swift */ = {isa = PBXFileReference; fileEncoding = 4; lastKnownFileType = sourcecode.swift; path = TKRadarChart.swift; sourceTree = "<group>"; };
/* End PBXFileReference section */

/* Begin PBXFrameworksBuildPhase section */
		6AA47F0C1D35FD3100C5D61F /* Frameworks */ = {
			isa = PBXFrameworksBuildPhase;
			buildActionMask = 2147483647;
			files = (
			);
			runOnlyForDeploymentPostprocessing = 0;
		};
/* End PBXFrameworksBuildPhase section */

/* Begin PBXGroup section */
		6AA47F061D35FD3100C5D61F = {
			isa = PBXGroup;
			children = (
				6AA47F111D35FD3100C5D61F /* TKRadarChart */,
				6AA47F101D35FD3100C5D61F /* Products */,
			);
			sourceTree = "<group>";
		};
		6AA47F101D35FD3100C5D61F /* Products */ = {
			isa = PBXGroup;
			children = (
				6AA47F0F1D35FD3100C5D61F /* TKRadarChart.app */,
			);
			name = Products;
			sourceTree = "<group>";
		};
		6AA47F111D35FD3100C5D61F /* TKRadarChart */ = {
			isa = PBXGroup;
			children = (
				6AA47F121D35FD3100C5D61F /* AppDelegate.swift */,
				6AA47F141D35FD3100C5D61F /* ViewController.swift */,
				6AA47F241D35FD4000C5D61F /* TKRadarChart.swift */,
				6AA47F161D35FD3100C5D61F /* Main.storyboard */,
				6AA47F191D35FD3100C5D61F /* Assets.xcassets */,
				6AA47F1B1D35FD3100C5D61F /* LaunchScreen.storyboard */,
				6AA47F1E1D35FD3100C5D61F /* Info.plist */,
			);
			path = TKRadarChart;
			sourceTree = "<group>";
		};
/* End PBXGroup section */

/* Begin PBXNativeTarget section */
		6AA47F0E1D35FD3100C5D61F /* TKRadarChart */ = {
			isa = PBXNativeTarget;
			buildConfigurationList = 6AA47F211D35FD3100C5D61F /* Build configuration list for PBXNativeTarget "TKRadarChart" */;
			buildPhases = (
				6AA47F0B1D35FD3100C5D61F /* Sources */,
				6AA47F0C1D35FD3100C5D61F /* Frameworks */,
				6AA47F0D1D35FD3100C5D61F /* Resources */,
			);
			buildRules = (
			);
			dependencies = (
			);
			name = TKRadarChart;
			productName = TKRadarChart;
			productReference = 6AA47F0F1D35FD3100C5D61F /* TKRadarChart.app */;
			productType = "com.apple.product-type.application";
		};
/* End PBXNativeTarget section */

/* Begin PBXProject section */
		6AA47F071D35FD3100C5D61F /* Project object */ = {
			isa = PBXProject;
			attributes = {
				LastSwiftUpdateCheck = 0730;
				LastUpgradeCheck = 0730;
				ORGANIZATIONNAME = Tbxark;
				TargetAttributes = {
					6AA47F0E1D35FD3100C5D61F = {
						CreatedOnToolsVersion = 7.3.1;
					};
				};
			};
			buildConfigurationList = 6AA47F0A1D35FD3100C5D61F /* Build configuration list for PBXProject "TKRadarChart" */;
			compatibilityVersion = "Xcode 3.2";
			developmentRegion = English;
			hasScannedForEncodings = 0;
			knownRegions = (
				en,
				Base,
			);
			mainGroup = 6AA47F061D35FD3100C5D61F;
			productRefGroup = 6AA47F101D35FD3100C5D61F /* Products */;
			projectDirPath = "";
			projectRoot = "";
			targets = (
				6AA47F0E1D35FD3100C5D61F /* TKRadarChart */,
			);
		};
/* End PBXProject section */

/* Begin PBXResourcesBuildPhase section */
		6AA47F0D1D35FD3100C5D61F /* Resources */ = {
			isa = PBXResourcesBuildPhase;
			buildActionMask = 2147483647;
			files = (
				6AA47F1D1D35FD3100C5D61F /* LaunchScreen.storyboard in Resources */,
				6AA47F1A1D35FD3100C5D61F /* Assets.xcassets in Resources */,
				6AA47F181D35FD3100C5D61F /* Main.storyboard in Resources */,
			);
			runOnlyForDeploymentPostprocessing = 0;
		};
/* End PBXResourcesBuildPhase section */

/* Begin PBXSourcesBuildPhase section */
		6AA47F0B1D35FD3100C5D61F /* Sources */ = {
			isa = PBXSourcesBuildPhase;
			buildActionMask = 2147483647;
			files = (
				6AA47F151D35FD3100C5D61F /* ViewController.swift in Sources */,
				6AA47F251D35FD4000C5D61F /* TKRadarChart.swift in Sources */,
				6AA47F131D35FD3100C5D61F /* AppDelegate.swift in Sources */,
			);
			runOnlyForDeploymentPostprocessing = 0;
		};
/* End PBXSourcesBuildPhase section */

/* Begin PBXVariantGroup section */
		6AA47F161D35FD3100C5D61F /* Main.storyboard */ = {
			isa = PBXVariantGroup;
			children = (
				6AA47F171D35FD3100C5D61F /* Base */,
			);
			name = Main.storyboard;
			sourceTree = "<group>";
		};
		6AA47F1B1D35FD3100C5D61F /* LaunchScreen.storyboard */ = {
			isa = PBXVariantGroup;
			children = (
				6AA47F1C1D35FD3100C5D61F /* Base */,
			);
			name = LaunchScreen.storyboard;
			sourceTree = "<group>";
		};
/* End PBXVariantGroup section */

/* Begin XCBuildConfiguration section */
		6AA47F1F1D35FD3100C5D61F /* Debug */ = {
			isa = XCBuildConfiguration;
			buildSettings = {
				ALWAYS_SEARCH_USER_PATHS = NO;
				CLANG_ANALYZER_NONNULL = YES;
				CLANG_CXX_LANGUAGE_STANDARD = "gnu++0x";
				CLANG_CXX_LIBRARY = "libc++";
				CLANG_ENABLE_MODULES = YES;
				CLANG_ENABLE_OBJC_ARC = YES;
				CLANG_WARN_BOOL_CONVERSION = YES;
				CLANG_WARN_CONSTANT_CONVERSION = YES;
				CLANG_WARN_DIRECT_OBJC_ISA_USAGE = YES_ERROR;
				CLANG_WARN_EMPTY_BODY = YES;
				CLANG_WARN_ENUM_CONVERSION = YES;
				CLANG_WARN_INT_CONVERSION = YES;
				CLANG_WARN_OBJC_ROOT_CLASS = YES_ERROR;
				CLANG_WARN_UNREACHABLE_CODE = YES;
				CLANG_WARN__DUPLICATE_METHOD_MATCH = YES;
				"CODE_SIGN_IDENTITY[sdk=iphoneos*]" = "iPhone Developer";
				COPY_PHASE_STRIP = NO;
				DEBUG_INFORMATION_FORMAT = dwarf;
				ENABLE_STRICT_OBJC_MSGSEND = YES;
				ENABLE_TESTABILITY = YES;
				GCC_C_LANGUAGE_STANDARD = gnu99;
				GCC_DYNAMIC_NO_PIC = NO;
				GCC_NO_COMMON_BLOCKS = YES;
				GCC_OPTIMIZATION_LEVEL = 0;
				GCC_PREPROCESSOR_DEFINITIONS = (
					"DEBUG=1",
					"$(inherited)",
				);
				GCC_WARN_64_TO_32_BIT_CONVERSION = YES;
				GCC_WARN_ABOUT_RETURN_TYPE = YES_ERROR;
				GCC_WARN_UNDECLARED_SELECTOR = YES;
				GCC_WARN_UNINITIALIZED_AUTOS = YES_AGGRESSIVE;
				GCC_WARN_UNUSED_FUNCTION = YES;
				GCC_WARN_UNUSED_VARIABLE = YES;
				IPHONEOS_DEPLOYMENT_TARGET = 9.3;
				MTL_ENABLE_DEBUG_INFO = YES;
				ONLY_ACTIVE_ARCH = YES;
				SDKROOT = iphoneos;
				SWIFT_OPTIMIZATION_LEVEL = "-Onone";
				TARGETED_DEVICE_FAMILY = "1,2";
			};
			name = Debug;
		};
		6AA47F201D35FD3100C5D61F /* Release */ = {
			isa = XCBuildConfiguration;
			buildSettings = {
				ALWAYS_SEARCH_USER_PATHS = NO;
				CLANG_ANALYZER_NONNULL = YES;
				CLANG_CXX_LANGUAGE_STANDARD = "gnu++0x";
				CLANG_CXX_LIBRARY = "libc++";
				CLANG_ENABLE_MODULES = YES;
				CLANG_ENABLE_OBJC_ARC = YES;
				CLANG_WARN_BOOL_CONVERSION = YES;
				CLANG_WARN_CONSTANT_CONVERSION = YES;
				CLANG_WARN_DIRECT_OBJC_ISA_USAGE = YES_ERROR;
				CLANG_WARN_EMPTY_BODY = YES;
				CLANG_WARN_ENUM_CONVERSION = YES;
				CLANG_WARN_INT_CONVERSION = YES;
				CLANG_WARN_OBJC_ROOT_CLASS = YES_ERROR;
				CLANG_WARN_UNREACHABLE_CODE = YES;
				CLANG_WARN__DUPLICATE_METHOD_MATCH = YES;
				"CODE_SIGN_IDENTITY[sdk=iphoneos*]" = "iPhone Developer";
				COPY_PHASE_STRIP = NO;
				DEBUG_INFORMATION_FORMAT = "dwarf-with-dsym";
				ENABLE_NS_ASSERTIONS = NO;
				ENABLE_STRICT_OBJC_MSGSEND = YES;
				GCC_C_LANGUAGE_STANDARD = gnu99;
				GCC_NO_COMMON_BLOCKS = YES;
				GCC_WARN_64_TO_32_BIT_CONVERSION = YES;
				GCC_WARN_ABOUT_RETURN_TYPE = YES_ERROR;
				GCC_WARN_UNDECLARED_SELECTOR = YES;
				GCC_WARN_UNINITIALIZED_AUTOS = YES_AGGRESSIVE;
				GCC_WARN_UNUSED_FUNCTION = YES;
				GCC_WARN_UNUSED_VARIABLE = YES;
				IPHONEOS_DEPLOYMENT_TARGET = 9.3;
				MTL_ENABLE_DEBUG_INFO = NO;
				SDKROOT = iphoneos;
				TARGETED_DEVICE_FAMILY = "1,2";
				VALIDATE_PRODUCT = YES;
			};
			name = Release;
		};
		6AA47F221D35FD3100C5D61F /* Debug */ = {
			isa = XCBuildConfiguration;
			buildSettings = {
				ASSETCATALOG_COMPILER_APPICON_NAME = AppIcon;
				INFOPLIST_FILE = TKRadarChart/Info.plist;
				LD_RUNPATH_SEARCH_PATHS = "$(inherited) @executable_path/Frameworks";
				PRODUCT_BUNDLE_IDENTIFIER = TBXark.TKRadarChart;
				PRODUCT_NAME = "$(TARGET_NAME)";
			};
			name = Debug;
		};
		6AA47F231D35FD3100C5D61F /* Release */ = {
			isa = XCBuildConfiguration;
			buildSettings = {
				ASSETCATALOG_COMPILER_APPICON_NAME = AppIcon;
				INFOPLIST_FILE = TKRadarChart/Info.plist;
				LD_RUNPATH_SEARCH_PATHS = "$(inherited) @executable_path/Frameworks";
				PRODUCT_BUNDLE_IDENTIFIER = TBXark.TKRadarChart;
				PRODUCT_NAME = "$(TARGET_NAME)";
			};
			name = Release;
		};
/* End XCBuildConfiguration section */

/* Begin XCConfigurationList section */
		6AA47F0A1D35FD3100C5D61F /* Build configuration list for PBXProject "TKRadarChart" */ = {
			isa = XCConfigurationList;
			buildConfigurations = (
				6AA47F1F1D35FD3100C5D61F /* Debug */,
				6AA47F201D35FD3100C5D61F /* Release */,
			);
			defaultConfigurationIsVisible = 0;
			defaultConfigurationName = Release;
		};
		6AA47F211D35FD3100C5D61F /* Build configuration list for PBXNativeTarget "TKRadarChart" */ = {
			isa = XCConfigurationList;
			buildConfigurations = (
				6AA47F221D35FD3100C5D61F /* Debug */,
				6AA47F231D35FD3100C5D61F /* Release */,
			);
			defaultConfigurationIsVisible = 0;
		};
/* End XCConfigurationList section */
	};
	rootObject = 6AA47F071D35FD3100C5D61F /* Project object */;
}
